
Microsoft Visual Studio Solution File, Format Version 12.00
# Visual Studio 15
Project("{FAE04EC0-301F-11D3-BF4B-00C04F79EFBC}") = "Assembly-CSharp", "Assembly-CSharp.csproj", "{01277A3D-6EBA-EAF6-F5D1-28D83A8C851E}"
EndProject
Project("{FAE04EC0-301F-11D3-BF4B-00C04F79EFBC}") = "VuforiaScripts", "VuforiaScripts.csproj", "{D5C1168E-4B53-7499-3294-20BB5F5292DF}"
EndProject
Project("{FAE04EC0-301F-11D3-BF4B-00C04F79EFBC}") = "Assembly-CSharp-Editor", "Assembly-CSharp-Editor.csproj", "{3ECD6CB2-EF02-137C-EB9C-37621BC0A83F}"
EndProject
Project("{FAE04EC0-301F-11D3-BF4B-00C04F79EFBC}") = "VuforiaEditorScripts", "VuforiaEditorScripts.csproj", "{5250C100-1843-25DD-833D-1A0F3335A235}"
EndProject
Global
	GlobalSection(SolutionConfigurationPlatforms) = preSolution
		Debug|Any CPU = Debug|Any CPU
		Release|Any CPU = Release|Any CPU
	EndGlobalSection
	GlobalSection(ProjectConfigurationPlatforms) = postSolution
		{01277A3D-6EBA-EAF6-F5D1-28D83A8C851E}.Debug|Any CPU.ActiveCfg = Debug|Any CPU
		{01277A3D-6EBA-EAF6-F5D1-28D83A8C851E}.Debug|Any CPU.Build.0 = Debug|Any CPU
		{01277A3D-6EBA-EAF6-F5D1-28D83A8C851E}.Release|Any CPU.ActiveCfg = Release|Any CPU
		{01277A3D-6EBA-EAF6-F5D1-28D83A8C851E}.Release|Any CPU.Build.0 = Release|Any CPU
		{D5C1168E-4B53-7499-3294-20BB5F5292DF}.Debug|Any CPU.ActiveCfg = Debug|Any CPU
		{D5C1168E-4B53-7499-3294-20BB5F5292DF}.Debug|Any CPU.Build.0 = Debug|Any CPU
		{D5C1168E-4B53-7499-3294-20BB5F5292DF}.Release|Any CPU.ActiveCfg = Release|Any CPU
		{D5C1168E-4B53-7499-3294-20BB5F5292DF}.Release|Any CPU.Build.0 = Release|Any CPU
		{3ECD6CB2-EF02-137C-EB9C-37621BC0A83F}.Debug|Any CPU.ActiveCfg = Debug|Any CPU
		{3ECD6CB2-EF02-137C-EB9C-37621BC0A83F}.Debug|Any CPU.Build.0 = Debug|Any CPU
		{3ECD6CB2-EF02-137C-EB9C-37621BC0A83F}.Release|Any CPU.ActiveCfg = Release|Any CPU
		{3ECD6CB2-EF02-137C-EB9C-37621BC0A83F}.Release|Any CPU.Build.0 = Release|Any CPU
		{5250C100-1843-25DD-833D-1A0F3335A235}.Debug|Any CPU.ActiveCfg = Debug|Any CPU
		{5250C100-1843-25DD-833D-1A0F3335A235}.Debug|Any CPU.Build.0 = Debug|Any CPU
		{5250C100-1843-25DD-833D-1A0F3335A235}.Release|Any CPU.ActiveCfg = Release|Any CPU
		{5250C100-1843-25DD-833D-1A0F3335A235}.Release|Any CPU.Build.0 = Release|Any CPU
	EndGlobalSection
	GlobalSection(SolutionProperties) = preSolution
		HideSolutionNode = FALSE
	EndGlobalSection
EndGlobal
